# THIS IS AN AUTOGENERATED FILE. DO NOT EDIT THIS FILE DIRECTLY.
# yarn lockfile v1


autoprefixer@^10.4.0:
  version "10.4.1"
  resolved "https://craigmiller160.ddns.net:30003/repository/npm-group/autoprefixer/-/autoprefixer-10.4.1.tgz#1735959d6462420569bc42408016acbc56861c12"
  integrity sha512-B3ZEG7wtzXDRCEFsan7HmR2AeNsxdJB0+sEC0Hc5/c2NbhJqPwuZm+tn233GBVw82L+6CtD6IPSfVruwKjfV3A==
  dependencies:
    browserslist "^4.19.1"
    caniuse-lite "^1.0.30001294"
    fraction.js "^4.1.2"
    normalize-range "^0.1.2"
    picocolors "^1.0.0"
    postcss-value-parser "^4.2.0"

balanced-match@^1.0.0:
  version "1.0.2"
  resolved "https://craigmiller160.ddns.net:30003/repository/npm-group/balanced-match/-/balanced-match-1.0.2.tgz#e83e3a7e3f300b34cb9d87f615fa0cbf357690ee"
  integrity sha512-3oSeUO0TMV67hN1AmbXsK4yaqU7tjiHlbxRDZOpH0KW9+CeX4bRAaX0Anxt0tx2MrpRpWwQaPwIlISEJhYU5Pw==

browserslist@^4.19.1:
  version "4.19.1"
  resolved "https://craigmiller160.ddns.net:30003/repository/npm-group/browserslist/-/browserslist-4.19.1.tgz#4ac0435b35ab655896c31d53018b6dd5e9e4c9a3"
  integrity sha512-u2tbbG5PdKRTUoctO3NBD8FQ5HdPh1ZXPHzp1rwaa5jTc+RV9/+RlWiAIKmjRPQF+xbGM9Kklj5bZQFa2s/38A==
  dependencies:
    caniuse-lite "^1.0.30001286"
    electron-to-chromium "^1.4.17"
    escalade "^3.1.1"
    node-releases "^2.0.1"
    picocolors "^1.0.0"

caniuse-lite@^1.0.30001286, caniuse-lite@^1.0.30001291, caniuse-lite@^1.0.30001294:
  version "1.0.30001294"
  resolved "https://craigmiller160.ddns.net:30003/repository/npm-group/caniuse-lite/-/caniuse-lite-1.0.30001294.tgz#4849f27b101fd59ddee3751598c663801032533d"
  integrity sha512-LiMlrs1nSKZ8qkNhpUf5KD0Al1KCBE3zaT7OLOwEkagXMEDij98SiOovn9wxVGQpklk9vVC/pUSqgYmkmKOS8g==

css-blank-pseudo@^3.0.0:
  version "3.0.1"
  resolved "https://craigmiller160.ddns.net:30003/repository/npm-group/css-blank-pseudo/-/css-blank-pseudo-3.0.1.tgz#aa9d4a8d9387728c9668c6bd91a258c5c1873746"
  integrity sha512-ZGuwEmAZLsEHyKe/UVk+7Bj6Fl5nvxKAddxovyi5mI3jl4mFRqX7VW7M2ZejsE3XlWkL4GyVCifsKrmuxVdrcg==
  dependencies:
    postcss-selector-parser "^6.0.8"

css-has-pseudo@^3.0.0:
  version "3.0.1"
  resolved "https://craigmiller160.ddns.net:30003/repository/npm-group/css-has-pseudo/-/css-has-pseudo-3.0.1.tgz#f023e95890a948ab0f29cf76173982c2af967e35"
  integrity sha512-yRZMyeJ8ebZAPuZmT66/2QjT0CR14qrQrbTSNc3cmTkVCKd/KkXcnO97WYWJlFQF6yzfNfOqG/9rISnrZ8SxZw==
  dependencies:
    postcss-selector-parser "^6.0.8"

css-prefers-color-scheme@^6.0.0:
  version "6.0.1"
  resolved "https://craigmiller160.ddns.net:30003/repository/npm-group/css-prefers-color-scheme/-/css-prefers-color-scheme-6.0.1.tgz#8f56b336024259319d976146465b306b68975792"
  integrity sha512-mTPYV3Ie8f0bw2ajimr4MOUDu5n5iYzhMrIOGN0zcwldAPYgdZc+xRMsSGhqQaNBZVNoxnoDr0m5icnqEyTtrA==

cssdb@^5.0.0:
  version "5.0.0"
  resolved "https://craigmiller160.ddns.net:30003/repository/npm-group/cssdb/-/cssdb-5.0.0.tgz#96db23e70dda3d03a32346de611f0e79fee68b7f"
  integrity sha512-Q7982SynYCtcLUBCPgUPFy2TZmDiFyimpdln8K2v4w2c07W4rXL7q5F1ksVAqOAQfxKyyUGCKSsioezKT5bU1Q==

cssesc@^3.0.0:
  version "3.0.0"
  resolved "https://craigmiller160.ddns.net:30003/repository/npm-group/cssesc/-/cssesc-3.0.0.tgz#37741919903b868565e1c09ea747445cd18983ee"
  integrity sha512-/Tb/JcjK111nNScGob5MNtsntNM1aCNUDipB/TkwZFhyDrrE47SOx/18wF2bbjgc3ZzCSKW1T5nt5EbFoAz/Vg==

electron-to-chromium@^1.4.17:
  version "1.4.30"
  resolved "https://craigmiller160.ddns.net:30003/repository/npm-group/electron-to-chromium/-/electron-to-chromium-1.4.30.tgz#0f75a1dce26dffbd5a0f7212e5b87fe0b61cbc76"
  integrity sha512-609z9sIMxDHg+TcR/VB3MXwH+uwtrYyeAwWc/orhnr90ixs6WVGSrt85CDLGUdNnLqCA7liv426V20EecjvflQ==

escalade@^3.1.1:
  version "3.1.1"
  resolved "https://craigmiller160.ddns.net:30003/repository/npm-group/escalade/-/escalade-3.1.1.tgz#d8cfdc7000965c5a0174b4a82eaa5c0552742e40"
  integrity sha512-k0er2gUkLf8O0zKJiAhmkTnJlTvINGv7ygDNPbeIsX/TJjGJZHuh9B2UxbsaEkmlEo9MfhrSzmhIlhRlI2GXnw==

fraction.js@^4.1.2:
  version "4.1.2"
  resolved "https://craigmiller160.ddns.net:30003/repository/npm-group/fraction.js/-/fraction.js-4.1.2.tgz#13e420a92422b6cf244dff8690ed89401029fbe8"
  integrity sha512-o2RiJQ6DZaR/5+Si0qJUIy637QMRudSi9kU/FFzx9EZazrIdnBgpU+3sEWCxAVhH2RtxW2Oz+T4p2o8uOPVcgA==

function-bind@^1.1.1:
  version "1.1.1"
  resolved "https://craigmiller160.ddns.net:30003/repository/npm-group/function-bind/-/function-bind-1.1.1.tgz#a56899d3ea3c9bab874bb9773b7c5ede92f4895d"
  integrity sha512-yIovAzMX49sF8Yl58fSCWJ5svSLuaibPxXQJFLmBObTuCr0Mf1KiPopGM9NiFjiYBCbfaa2Fh6breQ6ANVTI0A==

has@^1.0.3:
  version "1.0.3"
  resolved "https://craigmiller160.ddns.net:30003/repository/npm-group/has/-/has-1.0.3.tgz#722d7cbfc1f6aa8241f16dd814e011e1f41e8796"
  integrity sha512-f2dvO0VU6Oej7RkWJGrehjbzMAjFp5/VKPp5tTpWIV4JHHZK1/BxbFRtf/siA2SWTe09caDmVtYYzWEIbBS4zw==
  dependencies:
    function-bind "^1.1.1"

is-core-module@^2.2.0:
  version "2.8.0"
  resolved "https://craigmiller160.ddns.net:30003/repository/npm-group/is-core-module/-/is-core-module-2.8.0.tgz#0321336c3d0925e497fd97f5d95cb114a5ccd548"
  integrity sha512-vd15qHsaqrRL7dtH6QNuy0ndJmRDrS9HAM1CAiSifNUFv4x1a0CCVsj18hJ1mShxIG6T2i1sO78MkP56r0nYRw==
  dependencies:
    has "^1.0.3"

nanoid@^3.1.30:
  version "3.1.30"
  resolved "https://craigmiller160.ddns.net:30003/repository/npm-group/nanoid/-/nanoid-3.1.30.tgz#63f93cc548d2a113dc5dfbc63bfa09e2b9b64362"
  integrity sha512-zJpuPDwOv8D2zq2WRoMe1HsfZthVewpel9CAvTfc/2mBD1uUT/agc5f7GHGWXlYkFvi1mVxe4IjvP2HNrop7nQ==

node-releases@^2.0.1:
  version "2.0.1"
  resolved "https://craigmiller160.ddns.net:30003/repository/npm-group/node-releases/-/node-releases-2.0.1.tgz#3d1d395f204f1f2f29a54358b9fb678765ad2fc5"
  integrity sha512-CqyzN6z7Q6aMeF/ktcMVTzhAHCEpf8SOarwpzpf8pNBY2k5/oM34UHldUwp8VKI7uxct2HxSRdJjBaZeESzcxA==

normalize-range@^0.1.2:
  version "0.1.2"
  resolved "https://craigmiller160.ddns.net:30003/repository/npm-group/normalize-range/-/normalize-range-0.1.2.tgz#2d10c06bdfd312ea9777695a4d28439456b75942"
  integrity sha1-LRDAa9/TEuqXd2laTShDlFa3WUI=

path-parse@^1.0.6:
  version "1.0.7"
  resolved "https://craigmiller160.ddns.net:30003/repository/npm-group/path-parse/-/path-parse-1.0.7.tgz#fbc114b60ca42b30d9daf5858e4bd68bbedb6735"
  integrity sha512-LDJzPVEEEPR+y48z93A0Ed0yXb8pAByGWo/k5YYdYgpY2/2EsOsksJrq7lOHxryrVOn1ejG6oAp8ahvOIQD8sw==

picocolors@^1.0.0:
  version "1.0.0"
  resolved "https://craigmiller160.ddns.net:30003/repository/npm-group/picocolors/-/picocolors-1.0.0.tgz#cb5bdc74ff3f51892236eaf79d68bc44564ab81c"
  integrity sha512-1fygroTLlHu66zi26VoTDv8yRgm0Fccecssto+MhsZ0D/DGW2sm8E8AjW7NU5VVTRt5GxbeZ5qBuJr+HyLYkjQ==

pify@^2.3.0:
  version "2.3.0"
  resolved "https://craigmiller160.ddns.net:30003/repository/npm-group/pify/-/pify-2.3.0.tgz#ed141a6ac043a849ea588498e7dca8b15330e90c"
  integrity sha1-7RQaasBDqEnqWISY59yosVMw6Qw=

postcss-attribute-case-insensitive@^5.0.0:
  version "5.0.0"
  resolved "https://craigmiller160.ddns.net:30003/repository/npm-group/postcss-attribute-case-insensitive/-/postcss-attribute-case-insensitive-5.0.0.tgz#39cbf6babf3ded1e4abf37d09d6eda21c644105c"
  integrity sha512-b4g9eagFGq9T5SWX4+USfVyjIb3liPnjhHHRMP7FMB2kFVpYyfEscV0wP3eaXhKlcHKUut8lt5BGoeylWA/dBQ==
  dependencies:
    postcss-selector-parser "^6.0.2"

postcss-color-functional-notation@^4.1.0:
  version "4.2.0"
  resolved "https://craigmiller160.ddns.net:30003/repository/npm-group/postcss-color-functional-notation/-/postcss-color-functional-notation-4.2.0.tgz#e285e90bcef89e82e4ce3f6660dd20b2c4225ead"
  integrity sha512-ptwZWYEN2w/3z7HeWbWQRr/7MjJDf2zFO/6CdJ5gsQlC5O6kvjU0RAC3UeKCdxRS8+4bs17CMbTH+hlNs93q1Q==
  dependencies:
    postcss-value-parser "^4.2.0"

postcss-color-hex-alpha@^8.0.1:
  version "8.0.1"
  resolved "https://craigmiller160.ddns.net:30003/repository/npm-group/postcss-color-hex-alpha/-/postcss-color-hex-alpha-8.0.1.tgz#ba0fbc4246a92c51a23b7ecbf66f7d9a956d246c"
  integrity sha512-kzp95xRLSFnFdmVIWwbWa3QohE3v/G/wNBvW4U66Lt4wq119I6Bz1EVErrARWZ5+7HskgQ6M4mpiwjo+jOdApA==
  dependencies:
    postcss-value-parser "^4.2.0"

postcss-color-rebeccapurple@^7.0.1:
  version "7.0.1"
  resolved "https://craigmiller160.ddns.net:30003/repository/npm-group/postcss-color-rebeccapurple/-/postcss-color-rebeccapurple-7.0.1.tgz#59a9f5493dd7912079eac2aaeebccb076a6abdf8"
  integrity sha512-uA5MAOoCwCK32VgYXWwPD3vBDDOi1oMOkLnO+U1Af6ex7JOE0xHVJqnc9w5QS+fPJ9yveXeHKVtdVqzP2WiCsQ==
  dependencies:
    postcss-value-parser "^4.2.0"

postcss-custom-media@^8.0.0:
  version "8.0.0"
  resolved "https://craigmiller160.ddns.net:30003/repository/npm-group/postcss-custom-media/-/postcss-custom-media-8.0.0.tgz#1be6aff8be7dc9bf1fe014bde3b71b92bb4552f1"
  integrity sha512-FvO2GzMUaTN0t1fBULDeIvxr5IvbDXcIatt6pnJghc736nqNgsGao5NT+5+WVLAQiTt6Cb3YUms0jiPaXhL//g==

postcss-custom-properties@^12.0.1:
  version "12.0.1"
  resolved "https://craigmiller160.ddns.net:30003/repository/npm-group/postcss-custom-properties/-/postcss-custom-properties-12.0.1.tgz#9aab8686e73a899de9440ce27cc10595ad3b0e22"
  integrity sha512-Z3WjuML7qn6ehesWD4vDqOmM5CZO/qfVknpI9/gDOwMNhcLg3OSgT5wENR4kFDZtCricAE7cxL97bsj5lFnuZQ==
  dependencies:
    postcss-value-parser "^4.2.0"

postcss-custom-selectors@^6.0.0:
  version "6.0.0"
  resolved "https://craigmiller160.ddns.net:30003/repository/npm-group/postcss-custom-selectors/-/postcss-custom-selectors-6.0.0.tgz#022839e41fbf71c47ae6e316cb0e6213012df5ef"
  integrity sha512-/1iyBhz/W8jUepjGyu7V1OPcGbc636snN1yXEQCinb6Bwt7KxsiU7/bLQlp8GwAXzCh7cobBU5odNn/2zQWR8Q==
  dependencies:
    postcss-selector-parser "^6.0.4"

postcss-dir-pseudo-class@^6.0.1:
  version "6.0.1"
  resolved "https://craigmiller160.ddns.net:30003/repository/npm-group/postcss-dir-pseudo-class/-/postcss-dir-pseudo-class-6.0.1.tgz#90958de910870b9c20bff4279a0b74d54c880224"
  integrity sha512-nA6+XVUc5VDe6LrJ5KWFqJ05dxZXzoYiUQJFZSuwLW/8aI462w7gCEhB+RnOA+N3dtrj8B2WTSfcjCac6RJW0A==
  dependencies:
    postcss-selector-parser "^6.0.7"

postcss-double-position-gradients@^3.0.3:
  version "3.0.3"
  resolved "https://craigmiller160.ddns.net:30003/repository/npm-group/postcss-double-position-gradients/-/postcss-double-position-gradients-3.0.3.tgz#4c528dacfe3b7a52ea99665866912072184322b0"
  integrity sha512-x3DYDhCsKS/sjH6t+sM9R+pq4lCwdHGVeUOpE/gDybfY33acJJie+NzRigKJVze7E/jH/1WGl/qPRV90Lso7Mg==
  dependencies:
    postcss-value-parser "^4.2.0"

postcss-env-function@^4.0.3:
  version "4.0.3"
  resolved "https://craigmiller160.ddns.net:30003/repository/npm-group/postcss-env-function/-/postcss-env-function-4.0.3.tgz#cd56e3898d87b69c35d9b44b1df050a59757b803"
  integrity sha512-RQ0CwXX161FLuC525Lx7VqsHXSPQvgErgOMcbfuAKPq1hgHDPJLemowVaPuWF4E3IO8rgUbStaRLGTM5VlN/vw==
  dependencies:
    postcss-value-parser "^4.2.0"

postcss-flexbugs-fixes@^5.0.2:
  version "5.0.2"
  resolved "https://craigmiller160.ddns.net:30003/repository/npm-group/postcss-flexbugs-fixes/-/postcss-flexbugs-fixes-5.0.2.tgz#2028e145313074fc9abe276cb7ca14e5401eb49d"
  integrity sha512-18f9voByak7bTktR2QgDveglpn9DTbBWPUzSOe9g0N4WR/2eSt6Vrcbf0hmspvMI6YWGywz6B9f7jzpFNJJgnQ==

postcss-focus-visible@^6.0.2:
  version "6.0.2"
  resolved "https://craigmiller160.ddns.net:30003/repository/npm-group/postcss-focus-visible/-/postcss-focus-visible-6.0.2.tgz#b5034899d098c26c68e6f901e2674c88ee1aaede"
  integrity sha512-KYztrdQRRr+pPJQRAyr9HAEr8I8TUfpSyqOo8qddrjtMLap7Ud1FAF8szi4ZWrhMmch3EwL4RQMqsneOByWZIA==
  dependencies:
    postcss-selector-parser "^6.0.7"

postcss-focus-within@^5.0.2:
  version "5.0.2"
  resolved "https://craigmiller160.ddns.net:30003/repository/npm-group/postcss-focus-within/-/postcss-focus-within-5.0.2.tgz#ba9229b68c03ad65aa4ead81ca29717b5b4dbf62"
  integrity sha512-0zm8gM/fpFZtWM8drbj5M6HKVztHgLqtHygCMB494SOkudtnePpq5nv0ie2Jx/BrD+A5nhj0uK3tuMnEpjKonA==
  dependencies:
    postcss-selector-parser "^6.0.7"

postcss-font-variant@^5.0.0:
  version "5.0.0"
  resolved "https://craigmiller160.ddns.net:30003/repository/npm-group/postcss-font-variant/-/postcss-font-variant-5.0.0.tgz#efd59b4b7ea8bb06127f2d031bfbb7f24d32fa66"
  integrity sha512-1fmkBaCALD72CK2a9i468mA/+tr9/1cBxRRMXOUaZqO43oWPR5imcyPjXwuv7PXbCid4ndlP5zWhidQVVa3hmA==

postcss-gap-properties@^3.0.1:
  version "3.0.1"
  resolved "https://craigmiller160.ddns.net:30003/repository/npm-group/postcss-gap-properties/-/postcss-gap-properties-3.0.1.tgz#c663a2f116d980d8901f33c583e7205109acc87f"
  integrity sha512-t7ztwUmG17KQRTHDWeekeSQ41ZsjYK+OJagee3E3hFS46n9RD5QcT/NRxwbc2DWjVSL5GQf46al3wEiH6FRSKg==

postcss-image-set-function@^4.0.3:
  version "4.0.3"
  resolved "https://craigmiller160.ddns.net:30003/repository/npm-group/postcss-image-set-function/-/postcss-image-set-function-4.0.3.tgz#1be9324adf679226980c554542ea3fe5d056856f"
  integrity sha512-+EZRaCg/MzsKW2ggTy26mG/uoHnEAjCcGICCkUYgg2PPguZaRjSBKY4KHiWcdH6ydsR7enlnO3i7bQ+Fpbx7vQ==
  dependencies:
    postcss-value-parser "^4.2.0"

postcss-import@^14.0.2:
  version "14.0.2"
  resolved "https://craigmiller160.ddns.net:30003/repository/npm-group/postcss-import/-/postcss-import-14.0.2.tgz#60eff77e6be92e7b67fe469ec797d9424cae1aa1"
  integrity sha512-BJ2pVK4KhUyMcqjuKs9RijV5tatNzNa73e/32aBVE/ejYPe37iH+6vAu9WvqUkB5OAYgLHzbSvzHnorybJCm9g==
  dependencies:
    postcss-value-parser "^4.0.0"
    read-cache "^1.0.0"
    resolve "^1.1.7"

postcss-initial@^4.0.1:
  version "4.0.1"
  resolved "https://craigmiller160.ddns.net:30003/repository/npm-group/postcss-initial/-/postcss-initial-4.0.1.tgz#529f735f72c5724a0fb30527df6fb7ac54d7de42"
  integrity sha512-0ueD7rPqX8Pn1xJIjay0AZeIuDoF+V+VvMt/uOnn+4ezUKhZM/NokDeP6DwMNyIoYByuN/94IQnt5FEkaN59xQ==

postcss-lab-function@^4.0.2:
  version "4.0.2"
  resolved "https://craigmiller160.ddns.net:30003/repository/npm-group/postcss-lab-function/-/postcss-lab-function-4.0.2.tgz#6b91acb5f44e3ddc283c2c593b8858e5c261bda4"
  integrity sha512-IkX1S1CROQF9uCu5F4/Ib5SRFDJXlJg3ig9x4OJkKIF16y0o7WRKfFje2ym+yThfwYjozwHZgf37Xwbnscpipg==
  dependencies:
    postcss-value-parser "^4.2.0"

postcss-logical@^5.0.1:
  version "5.0.1"
  resolved "https://craigmiller160.ddns.net:30003/repository/npm-group/postcss-logical/-/postcss-logical-5.0.1.tgz#48dcdfca520d00ac5a450289d37d5db8f532de70"
  integrity sha512-cKekWCoZrxdQktbj8PyCOqQWxsYAPyHjoeBPedkQzfWuEqRm0KVFRHypsHAiH2dDVUae52yx8PBtWS+V3BqT5w==

postcss-media-minmax@^5.0.0:
  version "5.0.0"
  resolved "https://craigmiller160.ddns.net:30003/repository/npm-group/postcss-media-minmax/-/postcss-media-minmax-5.0.0.tgz#7140bddec173e2d6d657edbd8554a55794e2a5b5"
  integrity sha512-yDUvFf9QdFZTuCUg0g0uNSHVlJ5X1lSzDZjPSFaiCWvjgsvu8vEVxtahPrLMinIDEEGnx6cBe6iqdx5YWz08wQ==

postcss-nesting@^10.0.3:
  version "10.1.0"
  resolved "https://craigmiller160.ddns.net:30003/repository/npm-group/postcss-nesting/-/postcss-nesting-10.1.0.tgz#4e3deab5b18cd443495cf6be818ab758a9c3d71d"
  integrity sha512-HQ8kc/kLid2YjTOjlUC2Lk9JCGTJ/WDqRtEbJWWTQNs0KObgp3a1DFQhS19toVK8d/2q2YmVasjdQaWqZhotPg==
  dependencies:
    postcss-selector-parser "^6.0.7"

postcss-overflow-shorthand@^3.0.1:
  version "3.0.1"
  resolved "https://craigmiller160.ddns.net:30003/repository/npm-group/postcss-overflow-shorthand/-/postcss-overflow-shorthand-3.0.1.tgz#d0d0a9e2bbf3428a31e0a9d81e4a0dc1164ce356"
  integrity sha512-/ajDNoTF+LiuhIZjenjb/ndBoKP/WYy/dTT8BCCtLU1wrezkax+lXw5r3c5qR4cadNNMbksAnhWJXNjd9xNTHA==

postcss-page-break@^3.0.4:
  version "3.0.4"
  resolved "https://craigmiller160.ddns.net:30003/repository/npm-group/postcss-page-break/-/postcss-page-break-3.0.4.tgz#7fbf741c233621622b68d435babfb70dd8c1ee5f"
  integrity sha512-1JGu8oCjVXLa9q9rFTo4MbeeA5FMe00/9C7lN4va606Rdb+HkxXtXsmEDrIraQ11fGz/WvKWa8gMuCKkrXpTsQ==

postcss-place@^7.0.2:
  version "7.0.2"
  resolved "https://craigmiller160.ddns.net:30003/repository/npm-group/postcss-place/-/postcss-place-7.0.2.tgz#f54e971a348e8fa76d65d94420a83302fc9416e1"
  integrity sha512-XsZCU8X8M9dHKGlxdycihxPajSkRd4u+cIUJz/FgC61Mr/swStI3xAvsYai9Fh22kU+VVAn7ihoZk8h9pQhDfA==
  dependencies:
    postcss-value-parser "^4.2.0"

postcss-preset-env@^7.1.0:
  version "7.1.0"
  resolved "https://craigmiller160.ddns.net:30003/repository/npm-group/postcss-preset-env/-/postcss-preset-env-7.1.0.tgz#bb91486e15aa30307292acfcea07e871f30714d5"
  integrity sha512-YZI44uxVJQQu18TeHEoDtdLsjKLQpCpzt/4FAzadIcnNYwvKSQqvxaHE6uWobEWQrcfU42zIddMPUKgYQxZs8g==
  dependencies:
    autoprefixer "^10.4.0"
    browserslist "^4.19.1"
    caniuse-lite "^1.0.30001291"
    css-blank-pseudo "^3.0.0"
    css-has-pseudo "^3.0.0"
    css-prefers-color-scheme "^6.0.0"
    cssdb "^5.0.0"
    postcss-attribute-case-insensitive "^5.0.0"
    postcss-color-functional-notation "^4.1.0"
    postcss-color-hex-alpha "^8.0.1"
    postcss-color-rebeccapurple "^7.0.1"
    postcss-custom-media "^8.0.0"
    postcss-custom-properties "^12.0.1"
    postcss-custom-selectors "^6.0.0"
    postcss-dir-pseudo-class "^6.0.1"
    postcss-double-position-gradients "^3.0.3"
    postcss-env-function "^4.0.3"
    postcss-focus-visible "^6.0.2"
    postcss-focus-within "^5.0.2"
    postcss-font-variant "^5.0.0"
    postcss-gap-properties "^3.0.1"
    postcss-image-set-function "^4.0.3"
    postcss-initial "^4.0.1"
    postcss-lab-function "^4.0.2"
    postcss-logical "^5.0.1"
    postcss-media-minmax "^5.0.0"
    postcss-nesting "^10.0.3"
    postcss-overflow-shorthand "^3.0.1"
    postcss-page-break "^3.0.4"
    postcss-place "^7.0.2"
    postcss-pseudo-class-any-link "^7.0.1"
    postcss-replace-overflow-wrap "^4.0.0"
    postcss-selector-not "^5.0.0"

postcss-pseudo-class-any-link@^7.0.1:
  version "7.0.1"
  resolved "https://craigmiller160.ddns.net:30003/repository/npm-group/postcss-pseudo-class-any-link/-/postcss-pseudo-class-any-link-7.0.1.tgz#9b7b3572b78b0d6e2016bcc8762b254e341ebdde"
  integrity sha512-Zt+VMw9qX7Um/cYOaywOQvXipDw/U3U83L6MFHocbjVIhLd+x5G4SSDmKm8sW2/HlaTno2Cazub8USrDvJ4DLA==
  dependencies:
    postcss-selector-parser "^6.0.7"

postcss-replace-overflow-wrap@^4.0.0:
  version "4.0.0"
  resolved "https://craigmiller160.ddns.net:30003/repository/npm-group/postcss-replace-overflow-wrap/-/postcss-replace-overflow-wrap-4.0.0.tgz#d2df6bed10b477bf9c52fab28c568b4b29ca4319"
  integrity sha512-KmF7SBPphT4gPPcKZc7aDkweHiKEEO8cla/GjcBK+ckKxiZslIu3C4GCRW3DNfL0o7yW7kMQu9xlZ1kXRXLXtw==

postcss-selector-not@^5.0.0:
  version "5.0.0"
  resolved "https://craigmiller160.ddns.net:30003/repository/npm-group/postcss-selector-not/-/postcss-selector-not-5.0.0.tgz#ac5fc506f7565dd872f82f5314c0f81a05630dc7"
  integrity sha512-/2K3A4TCP9orP4TNS7u3tGdRFVKqz/E6pX3aGnriPG0jU78of8wsUcqE4QAhWEU0d+WnMSF93Ah3F//vUtK+iQ==
  dependencies:
    balanced-match "^1.0.0"

postcss-selector-parser@^6.0.2, postcss-selector-parser@^6.0.4, postcss-selector-parser@^6.0.7, postcss-selector-parser@^6.0.8:
  version "6.0.8"
  resolved "https://craigmiller160.ddns.net:30003/repository/npm-group/postcss-selector-parser/-/postcss-selector-parser-6.0.8.tgz#f023ed7a9ea736cd7ef70342996e8e78645a7914"
  integrity sha512-D5PG53d209Z1Uhcc0qAZ5U3t5HagH3cxu+WLZ22jt3gLUpXM4eXXfiO14jiDWST3NNooX/E8wISfOhZ9eIjGTQ==
  dependencies:
    cssesc "^3.0.0"
    util-deprecate "^1.0.2"

postcss-value-parser@^4.0.0, postcss-value-parser@^4.2.0:
  version "4.2.0"
  resolved "https://craigmiller160.ddns.net:30003/repository/npm-group/postcss-value-parser/-/postcss-value-parser-4.2.0.tgz#723c09920836ba6d3e5af019f92bc0971c02e514"
  integrity sha512-1NNCs6uurfkVbeXG4S8JFT9t19m45ICnif8zWLd5oPSZ50QnwMfK+H3jv408d4jw/7Bttv5axS5IiHoLaVNHeQ==

postcss@^8.4.5:
  version "8.4.5"
  resolved "https://craigmiller160.ddns.net:30003/repository/npm-group/postcss/-/postcss-8.4.5.tgz#bae665764dfd4c6fcc24dc0fdf7e7aa00cc77f95"
  integrity sha512-jBDboWM8qpaqwkMwItqTQTiFikhs/67OYVvblFFTM7MrZjt6yMKd6r2kgXizEbTTljacm4NldIlZnhbjr84QYg==
  dependencies:
    nanoid "^3.1.30"
    picocolors "^1.0.0"
    source-map-js "^1.0.1"

read-cache@^1.0.0:
  version "1.0.0"
  resolved "https://craigmiller160.ddns.net:30003/repository/npm-group/read-cache/-/read-cache-1.0.0.tgz#e664ef31161166c9751cdbe8dbcf86b5fb58f774"
  integrity sha1-5mTvMRYRZsl1HNvo28+GtftY93Q=
  dependencies:
    pify "^2.3.0"

resolve@^1.1.7:
  version "1.20.0"
  resolved "https://craigmiller160.ddns.net:30003/repository/npm-group/resolve/-/resolve-1.20.0.tgz#629a013fb3f70755d6f0b7935cc1c2c5378b1975"
  integrity sha512-wENBPt4ySzg4ybFQW2TT1zMQucPK95HSh/nq2CFTZVOGut2+pQvSsgtda4d26YrYcr067wjbmzOG8byDPBX63A==
  dependencies:
    is-core-module "^2.2.0"
    path-parse "^1.0.6"

source-map-js@^1.0.1:
  version "1.0.1"
  resolved "https://craigmiller160.ddns.net:30003/repository/npm-group/source-map-js/-/source-map-js-1.0.1.tgz#a1741c131e3c77d048252adfa24e23b908670caf"
  integrity sha512-4+TN2b3tqOCd/kaGRJ/sTYA0tR0mdXx26ipdolxcwtJVqEnqNYvlCAt1q3ypy4QMlYus+Zh34RNtYLoq2oQ4IA==

util-deprecate@^1.0.2:
  version "1.0.2"
  resolved "https://craigmiller160.ddns.net:30003/repository/npm-group/util-deprecate/-/util-deprecate-1.0.2.tgz#450d4dc9fa70de732762fbd2d4a28981419a0ccf"
  integrity sha1-RQ1Nyfpw3nMnYvvS1KKJgUGaDM8=
